
Microsoft Visual Studio Solution File, Format Version 12.00
# Visual Studio Version 17
VisualStudioVersion = 17.6.33712.159
MinimumVisualStudioVersion = 10.0.40219.1
Project("{FAE04EC0-301F-11D3-BF4B-00C04F79EFBC}") = "SettingDataViewer", "SettingDataViewer\SettingDataViewer.csproj", "{5579A6F0-4D98-44CE-9ADB-4CE9E8219E42}"
EndProject
Global
	GlobalSection(SolutionConfigurationPlatforms) = preSolution
		Debug|Any CPU = Debug|Any CPU
		Release|Any CPU = Release|Any CPU
	EndGlobalSection
	GlobalSection(ProjectConfigurationPlatforms) = postSolution
		{5579A6F0-4D98-44CE-9ADB-4CE9E8219E42}.Debug|Any CPU.ActiveCfg = Debug|Any CPU
		{5579A6F0-4D98-44CE-9ADB-4CE9E8219E42}.Debug|Any CPU.Build.0 = Debug|Any CPU
		{5579A6F0-4D98-44CE-9ADB-4CE9E8219E42}.Release|Any CPU.ActiveCfg = Release|Any CPU
		{5579A6F0-4D98-44CE-9ADB-4CE9E8219E42}.Release|Any CPU.Build.0 = Release|Any CPU
	EndGlobalSection
	GlobalSection(SolutionProperties) = preSolution
		HideSolutionNode = FALSE
	EndGlobalSection
	GlobalSection(ExtensibilityGlobals) = postSolution
		SolutionGuid = {CB3E100A-4476-4380-9AF4-4DE66325D546}
	EndGlobalSection
EndGlobal
